
Microsoft Visual Studio Solution File, Format Version 12.00
# Visual Studio Version 16
VisualStudioVersion = 16.0.34729.46
MinimumVisualStudioVersion = 10.0.40219.1
Project("{FAE04EC0-301F-11D3-BF4B-00C04F79EFBC}") = "WEB_NANG_CAO_LN", "WEB_NANG_CAO_LN\WEB_NANG_CAO_LN.csproj", "{A3F7618C-E303-48C0-8C8F-63223D81D04D}"
EndProject
Project("{FAE04EC0-301F-11D3-BF4B-00C04F79EFBC}") = "bai_28_File_dic", "bai_28_File_dic\bai_28_File_dic.csproj", "{4C0C5D3E-6923-43D5-B285-178256C0AA99}"
EndProject
Project("{FAE04EC0-301F-11D3-BF4B-00C04F79EFBC}") = "bai_28_thucHanhFile", "bai_28_thucHanhFile\bai_28_thucHanhFile.csproj", "{A68633CC-0C60-4C6E-9554-1115D5BB69F9}"
EndProject
Project("{FAE04EC0-301F-11D3-BF4B-00C04F79EFBC}") = "bai_29_async_await", "bai_29_async_await\bai_29_async_await.csproj", "{12B82F5C-7AF3-43EB-9D8D-0C9A2F17FA84}"
EndProject
Global
	GlobalSection(SolutionConfigurationPlatforms) = preSolution
		Debug|Any CPU = Debug|Any CPU
		Release|Any CPU = Release|Any CPU
	EndGlobalSection
	GlobalSection(ProjectConfigurationPlatforms) = postSolution
		{A3F7618C-E303-48C0-8C8F-63223D81D04D}.Debug|Any CPU.ActiveCfg = Debug|Any CPU
		{A3F7618C-E303-48C0-8C8F-63223D81D04D}.Debug|Any CPU.Build.0 = Debug|Any CPU
		{A3F7618C-E303-48C0-8C8F-63223D81D04D}.Release|Any CPU.ActiveCfg = Release|Any CPU
		{A3F7618C-E303-48C0-8C8F-63223D81D04D}.Release|Any CPU.Build.0 = Release|Any CPU
		{4C0C5D3E-6923-43D5-B285-178256C0AA99}.Debug|Any CPU.ActiveCfg = Debug|Any CPU
		{4C0C5D3E-6923-43D5-B285-178256C0AA99}.Debug|Any CPU.Build.0 = Debug|Any CPU
		{4C0C5D3E-6923-43D5-B285-178256C0AA99}.Release|Any CPU.ActiveCfg = Release|Any CPU
		{4C0C5D3E-6923-43D5-B285-178256C0AA99}.Release|Any CPU.Build.0 = Release|Any CPU
		{A68633CC-0C60-4C6E-9554-1115D5BB69F9}.Debug|Any CPU.ActiveCfg = Debug|Any CPU
		{A68633CC-0C60-4C6E-9554-1115D5BB69F9}.Debug|Any CPU.Build.0 = Debug|Any CPU
		{A68633CC-0C60-4C6E-9554-1115D5BB69F9}.Release|Any CPU.ActiveCfg = Release|Any CPU
		{A68633CC-0C60-4C6E-9554-1115D5BB69F9}.Release|Any CPU.Build.0 = Release|Any CPU
		{12B82F5C-7AF3-43EB-9D8D-0C9A2F17FA84}.Debug|Any CPU.ActiveCfg = Debug|Any CPU
		{12B82F5C-7AF3-43EB-9D8D-0C9A2F17FA84}.Debug|Any CPU.Build.0 = Debug|Any CPU
		{12B82F5C-7AF3-43EB-9D8D-0C9A2F17FA84}.Release|Any CPU.ActiveCfg = Release|Any CPU
		{12B82F5C-7AF3-43EB-9D8D-0C9A2F17FA84}.Release|Any CPU.Build.0 = Release|Any CPU
	EndGlobalSection
	GlobalSection(SolutionProperties) = preSolution
		HideSolutionNode = FALSE
	EndGlobalSection
	GlobalSection(ExtensibilityGlobals) = postSolution
		SolutionGuid = {242E882A-E187-4063-B15C-DD7EC2B9544A}
	EndGlobalSection
EndGlobal
